
Microsoft Visual Studio Solution File, Format Version 12.00
# Visual Studio Version 17
VisualStudioVersion = 17.2.32616.157
MinimumVisualStudioVersion = 10.0.40219.1
Project("{9A19103F-16F7-4668-BE54-9A1E7A4F7556}") = "MgsScriptTools", "MgsScriptTools\MgsScriptTools.csproj", "{EE6C1373-05AC-4083-A2E5-C7AC4E5B4C21}"
EndProject
Global
	GlobalSection(SolutionConfigurationPlatforms) = preSolution
		Debug|Any CPU = Debug|Any CPU
		Release|Any CPU = Release|Any CPU
	EndGlobalSection
	GlobalSection(ProjectConfigurationPlatforms) = postSolution
		{EE6C1373-05AC-4083-A2E5-C7AC4E5B4C21}.Debug|Any CPU.ActiveCfg = Debug|Any CPU
		{EE6C1373-05AC-4083-A2E5-C7AC4E5B4C21}.Debug|Any CPU.Build.0 = Debug|Any CPU
		{EE6C1373-05AC-4083-A2E5-C7AC4E5B4C21}.Release|Any CPU.ActiveCfg = Release|Any CPU
		{EE6C1373-05AC-4083-A2E5-C7AC4E5B4C21}.Release|Any CPU.Build.0 = Release|Any CPU
	EndGlobalSection
	GlobalSection(SolutionProperties) = preSolution
		HideSolutionNode = FALSE
	EndGlobalSection
	GlobalSection(ExtensibilityGlobals) = postSolution
		SolutionGuid = {C3E0CE1A-E4C8-43A2-BD2E-5D0FA08672E4}
	EndGlobalSection
EndGlobal
